Microsoft Visual Studio Solution File, Format Version 12.00
# Visual Studio Version 17
VisualStudioVersion = 17.0.31903.59
MinimumVisualStudioVersion = 10.0.40219.1
Project("{FAE04EC0-301F-11D3-BF4B-00C04F79EFBC}") = "ETS2ModManager.Contracts", "ETS2ModManager.Contracts\ETS2ModManager.Contracts.csproj", "{D1449BED-1C37-43FA-A99F-45C1A82EB325}"
EndProject
Project("{FAE04EC0-301F-11D3-BF4B-00C04F79EFBC}") = "ETS2ModManager.Domain", "ETS2ModManager.Domain\ETS2ModManager.Domain.csproj", "{79C39F70-7C0A-4462-83B4-570722F228B0}"
EndProject
Project("{FAE04EC0-301F-11D3-BF4B-00C04F79EFBC}") = "ETS2ModManager.Application", "ETS2ModManager.Application\ETS2ModManager.Application.csproj", "{3E2229F2-74D8-413D-89B5-07DC00B5BD42}"
EndProject
Project("{FAE04EC0-301F-11D3-BF4B-00C04F79EFBC}") = "ETS2ModManager.Infrastructure", "ETS2ModManager.Infrastructure\ETS2ModManager.Infrastructure.csproj", "{08C2FB26-2A41-4CBE-8484-875751C10A0F}"
EndProject
Project("{FAE04EC0-301F-11D3-BF4B-00C04F79EFBC}") = "ETS2ModManager.WpfClient", "ETS2ModManager.WpfClient\ETS2ModManager.WpfClient.csproj", "{9C74D49D-90F4-4847-B0DF-041B4459E2D4}"
EndProject
Project("{FAE04EC0-301F-11D3-BF4B-00C04F79EFBC}") = "ETS2ModManager.ModScanWorker", "ETS2ModManager.ModScanWorker\ETS2ModManager.ModScanWorker.csproj", "{9B8BF997-F746-4B93-95AC-BA2CC55D1E15}"
EndProject
Project("{FAE04EC0-301F-11D3-BF4B-00C04F79EFBC}") = "ETS2ModManager.ContractTests", "ETS2ModManager.ContractTests\ETS2ModManager.ContractTests.csproj", "{496177C8-D148-469F-BBAA-0D16BBA487B2}"
EndProject
Global
    GlobalSection(SolutionConfigurationPlatforms) = preSolution
        Debug|Any CPU = Debug|Any CPU
        Release|Any CPU = Release|Any CPU
    EndGlobalSection
    GlobalSection(ProjectConfigurationPlatforms) = postSolution
        {D1449BED-1C37-43FA-A99F-45C1A82EB325}.Debug|Any CPU.ActiveCfg = Debug|Any CPU
        {D1449BED-1C37-43FA-A99F-45C1A82EB325}.Debug|Any CPU.Build.0 = Debug|Any CPU
        {D1449BED-1C37-43FA-A99F-45C1A82EB325}.Release|Any CPU.ActiveCfg = Release|Any CPU
        {D1449BED-1C37-43FA-A99F-45C1A82EB325}.Release|Any CPU.Build.0 = Release|Any CPU
        {79C39F70-7C0A-4462-83B4-570722F228B0}.Debug|Any CPU.ActiveCfg = Debug|Any CPU
        {79C39F70-7C0A-4462-83B4-570722F228B0}.Debug|Any CPU.Build.0 = Debug|Any CPU
        {79C39F70-7C0A-4462-83B4-570722F228B0}.Release|Any CPU.ActiveCfg = Release|Any CPU
        {79C39F70-7C0A-4462-83B4-570722F228B0}.Release|Any CPU.Build.0 = Release|Any CPU
        {3E2229F2-74D8-413D-89B5-07DC00B5BD42}.Debug|Any CPU.ActiveCfg = Debug|Any CPU
        {3E2229F2-74D8-413D-89B5-07DC00B5BD42}.Debug|Any CPU.Build.0 = Debug|Any CPU
        {3E2229F2-74D8-413D-89B5-07DC00B5BD42}.Release|Any CPU.ActiveCfg = Release|Any CPU
        {3E2229F2-74D8-413D-89B5-07DC00B5BD42}.Release|Any CPU.Build.0 = Release|Any CPU
        {08C2FB26-2A41-4CBE-8484-875751C10A0F}.Debug|Any CPU.ActiveCfg = Debug|Any CPU
        {08C2FB26-2A41-4CBE-8484-875751C10A0F}.Debug|Any CPU.Build.0 = Debug|Any CPU
        {08C2FB26-2A41-4CBE-8484-875751C10A0F}.Release|Any CPU.ActiveCfg = Release|Any CPU
        {08C2FB26-2A41-4CBE-8484-875751C10A0F}.Release|Any CPU.Build.0 = Release|Any CPU
        {9C74D49D-90F4-4847-B0DF-041B4459E2D4}.Debug|Any CPU.ActiveCfg = Debug|Any CPU
        {9C74D49D-90F4-4847-B0DF-041B4459E2D4}.Debug|Any CPU.Build.0 = Debug|Any CPU
        {9C74D49D-90F4-4847-B0DF-041B4459E2D4}.Release|Any CPU.ActiveCfg = Release|Any CPU
        {9C74D49D-90F4-4847-B0DF-041B4459E2D4}.Release|Any CPU.Build.0 = Release|Any CPU
        {9B8BF997-F746-4B93-95AC-BA2CC55D1E15}.Debug|Any CPU.ActiveCfg = Debug|Any CPU
        {9B8BF997-F746-4B93-95AC-BA2CC55D1E15}.Debug|Any CPU.Build.0 = Debug|Any CPU
        {9B8BF997-F746-4B93-95AC-BA2CC55D1E15}.Release|Any CPU.ActiveCfg = Release|Any CPU
        {9B8BF997-F746-4B93-95AC-BA2CC55D1E15}.Release|Any CPU.Build.0 = Release|Any CPU
        {496177C8-D148-469F-BBAA-0D16BBA487B2}.Debug|Any CPU.ActiveCfg = Debug|Any CPU
        {496177C8-D148-469F-BBAA-0D16BBA487B2}.Debug|Any CPU.Build.0 = Debug|Any CPU
        {496177C8-D148-469F-BBAA-0D16BBA487B2}.Release|Any CPU.ActiveCfg = Release|Any CPU
        {496177C8-D148-469F-BBAA-0D16BBA487B2}.Release|Any CPU.Build.0 = Release|Any CPU
    EndGlobalSection
EndGlobal
